
Microsoft Visual Studio Solution File, Format Version 12.00
# Visual Studio Version 17
VisualStudioVersion = 17.2.32505.173
MinimumVisualStudioVersion = 10.0.40219.1
Project("{FAE04EC0-301F-11D3-BF4B-00C04F79EFBC}") = "SystemInfo", "SystemInfo\SystemInfo.csproj", "{F1CDFFC0-1EB1-4F55-8E6C-5001F3128A40}"
EndProject
Global
	GlobalSection(SolutionConfigurationPlatforms) = preSolution
		Debug|Any CPU = Debug|Any CPU
		Release|Any CPU = Release|Any CPU
	EndGlobalSection
	GlobalSection(ProjectConfigurationPlatforms) = postSolution
		{F1CDFFC0-1EB1-4F55-8E6C-5001F3128A40}.Debug|Any CPU.ActiveCfg = Debug|Any CPU
		{F1CDFFC0-1EB1-4F55-8E6C-5001F3128A40}.Debug|Any CPU.Build.0 = Debug|Any CPU
		{F1CDFFC0-1EB1-4F55-8E6C-5001F3128A40}.Release|Any CPU.ActiveCfg = Release|Any CPU
		{F1CDFFC0-1EB1-4F55-8E6C-5001F3128A40}.Release|Any CPU.Build.0 = Release|Any CPU
	EndGlobalSection
	GlobalSection(SolutionProperties) = preSolution
		HideSolutionNode = FALSE
	EndGlobalSection
	GlobalSection(ExtensibilityGlobals) = postSolution
		SolutionGuid = {114EB29F-F764-4091-B961-14A3BB68EB13}
	EndGlobalSection
EndGlobal
